
Microsoft Visual Studio Solution File, Format Version 12.00
# Visual Studio Version 17
VisualStudioVersion = 17.2.32630.192
MinimumVisualStudioVersion = 10.0.40219.1
Project("{2150E333-8FDC-42A3-9474-1A3956D46DE8}") = "src", "src", "{FE5BB056-CAEA-474E-A720-2C65A1DC5083}"
EndProject
Project("{2150E333-8FDC-42A3-9474-1A3956D46DE8}") = "corePackages", "corePackages", "{624E876C-9C72-4383-A0E8-EC2E8769A9F8}"
EndProject
Project("{2150E333-8FDC-42A3-9474-1A3956D46DE8}") = "kodlama.ioDevs", "kodlama.ioDevs", "{FE4119DF-8373-43E5-B8D9-B6137E895592}"
EndProject
Project("{9A19103F-16F7-4668-BE54-9A1E7A4F7556}") = "Domain", "src\kodlama.ioDevs\Domain\Domain.csproj", "{E35A548E-AA42-4957-9964-B6E36DE144EB}"
EndProject
Project("{9A19103F-16F7-4668-BE54-9A1E7A4F7556}") = "Application", "src\kodlama.ioDevs\Application\Application.csproj", "{6048BDDB-3F9A-4728-A6AB-E16EAE97199E}"
EndProject
Project("{9A19103F-16F7-4668-BE54-9A1E7A4F7556}") = "Persistance", "src\kodlama.ioDevs\Persistance\Persistance.csproj", "{0E830B6C-8724-4D4A-9EB2-6CBC5F44851C}"
EndProject
Project("{9A19103F-16F7-4668-BE54-9A1E7A4F7556}") = "Infrastructure", "src\kodlama.ioDevs\Infrastructure\Infrastructure.csproj", "{B4486002-7D55-4416-B0BD-EA9E5F18904C}"
EndProject
Project("{9A19103F-16F7-4668-BE54-9A1E7A4F7556}") = "WebAPI", "src\kodlama.ioDevs\WebAPI\WebAPI.csproj", "{45B831A5-08B9-447D-89F0-4289D876E00B}"
EndProject
Project("{9A19103F-16F7-4668-BE54-9A1E7A4F7556}") = "Core.Application", "src\corePackages\Core.Application\Core.Application.csproj", "{A5E96AEA-12C4-4DF0-AFDC-759BB1D86572}"
EndProject
Project("{9A19103F-16F7-4668-BE54-9A1E7A4F7556}") = "Core.CrossCuttingConcerns", "src\corePackages\Core.CrossCuttingConcerns\Core.CrossCuttingConcerns.csproj", "{42CCCD1B-6D1D-46A0-8F2C-4C3AC8BDE948}"
EndProject
Project("{9A19103F-16F7-4668-BE54-9A1E7A4F7556}") = "Core.ElasticSearch", "src\corePackages\Core.ElasticSearch\Core.ElasticSearch.csproj", "{36A6CEEB-0E3C-4222-B5ED-8C23B47DD57A}"
EndProject
Project("{9A19103F-16F7-4668-BE54-9A1E7A4F7556}") = "Core.Persistance", "src\corePackages\Core.Persistance\Core.Persistance.csproj", "{9DE05C74-33B3-40DD-B28B-81C242B4D9FC}"
EndProject
Project("{9A19103F-16F7-4668-BE54-9A1E7A4F7556}") = "Core.Security", "src\corePackages\Core.Security\Core.Security.csproj", "{149BE934-50C8-46E7-A4B0-CF070EA11D4E}"
EndProject
Project("{FAE04EC0-301F-11D3-BF4B-00C04F79EFBC}") = "Core.Mailing", "src\corePackages\Core.Mailing\Core.Mailing.csproj", "{8E04B902-D890-445F-B9C2-10D262081248}"
EndProject
Global
	GlobalSection(SolutionConfigurationPlatforms) = preSolution
		Debug|Any CPU = Debug|Any CPU
		Release|Any CPU = Release|Any CPU
	EndGlobalSection
	GlobalSection(ProjectConfigurationPlatforms) = postSolution
		{E35A548E-AA42-4957-9964-B6E36DE144EB}.Debug|Any CPU.ActiveCfg = Debug|Any CPU
		{E35A548E-AA42-4957-9964-B6E36DE144EB}.Debug|Any CPU.Build.0 = Debug|Any CPU
		{E35A548E-AA42-4957-9964-B6E36DE144EB}.Release|Any CPU.ActiveCfg = Release|Any CPU
		{E35A548E-AA42-4957-9964-B6E36DE144EB}.Release|Any CPU.Build.0 = Release|Any CPU
		{6048BDDB-3F9A-4728-A6AB-E16EAE97199E}.Debug|Any CPU.ActiveCfg = Debug|Any CPU
		{6048BDDB-3F9A-4728-A6AB-E16EAE97199E}.Debug|Any CPU.Build.0 = Debug|Any CPU
		{6048BDDB-3F9A-4728-A6AB-E16EAE97199E}.Release|Any CPU.ActiveCfg = Release|Any CPU
		{6048BDDB-3F9A-4728-A6AB-E16EAE97199E}.Release|Any CPU.Build.0 = Release|Any CPU
		{0E830B6C-8724-4D4A-9EB2-6CBC5F44851C}.Debug|Any CPU.ActiveCfg = Debug|Any CPU
		{0E830B6C-8724-4D4A-9EB2-6CBC5F44851C}.Debug|Any CPU.Build.0 = Debug|Any CPU
		{0E830B6C-8724-4D4A-9EB2-6CBC5F44851C}.Release|Any CPU.ActiveCfg = Release|Any CPU
		{0E830B6C-8724-4D4A-9EB2-6CBC5F44851C}.Release|Any CPU.Build.0 = Release|Any CPU
		{B4486002-7D55-4416-B0BD-EA9E5F18904C}.Debug|Any CPU.ActiveCfg = Debug|Any CPU
		{B4486002-7D55-4416-B0BD-EA9E5F18904C}.Debug|Any CPU.Build.0 = Debug|Any CPU
		{B4486002-7D55-4416-B0BD-EA9E5F18904C}.Release|Any CPU.ActiveCfg = Release|Any CPU
		{B4486002-7D55-4416-B0BD-EA9E5F18904C}.Release|Any CPU.Build.0 = Release|Any CPU
		{45B831A5-08B9-447D-89F0-4289D876E00B}.Debug|Any CPU.ActiveCfg = Debug|Any CPU
		{45B831A5-08B9-447D-89F0-4289D876E00B}.Debug|Any CPU.Build.0 = Debug|Any CPU
		{45B831A5-08B9-447D-89F0-4289D876E00B}.Release|Any CPU.ActiveCfg = Release|Any CPU
		{45B831A5-08B9-447D-89F0-4289D876E00B}.Release|Any CPU.Build.0 = Release|Any CPU
		{A5E96AEA-12C4-4DF0-AFDC-759BB1D86572}.Debug|Any CPU.ActiveCfg = Debug|Any CPU
		{A5E96AEA-12C4-4DF0-AFDC-759BB1D86572}.Debug|Any CPU.Build.0 = Debug|Any CPU
		{A5E96AEA-12C4-4DF0-AFDC-759BB1D86572}.Release|Any CPU.ActiveCfg = Release|Any CPU
		{A5E96AEA-12C4-4DF0-AFDC-759BB1D86572}.Release|Any CPU.Build.0 = Release|Any CPU
		{42CCCD1B-6D1D-46A0-8F2C-4C3AC8BDE948}.Debug|Any CPU.ActiveCfg = Debug|Any CPU
		{42CCCD1B-6D1D-46A0-8F2C-4C3AC8BDE948}.Debug|Any CPU.Build.0 = Debug|Any CPU
		{42CCCD1B-6D1D-46A0-8F2C-4C3AC8BDE948}.Release|Any CPU.ActiveCfg = Release|Any CPU
		{42CCCD1B-6D1D-46A0-8F2C-4C3AC8BDE948}.Release|Any CPU.Build.0 = Release|Any CPU
		{36A6CEEB-0E3C-4222-B5ED-8C23B47DD57A}.Debug|Any CPU.ActiveCfg = Debug|Any CPU
		{36A6CEEB-0E3C-4222-B5ED-8C23B47DD57A}.Debug|Any CPU.Build.0 = Debug|Any CPU
		{36A6CEEB-0E3C-4222-B5ED-8C23B47DD57A}.Release|Any CPU.ActiveCfg = Release|Any CPU
		{36A6CEEB-0E3C-4222-B5ED-8C23B47DD57A}.Release|Any CPU.Build.0 = Release|Any CPU
		{9DE05C74-33B3-40DD-B28B-81C242B4D9FC}.Debug|Any CPU.ActiveCfg = Debug|Any CPU
		{9DE05C74-33B3-40DD-B28B-81C242B4D9FC}.Debug|Any CPU.Build.0 = Debug|Any CPU
		{9DE05C74-33B3-40DD-B28B-81C242B4D9FC}.Release|Any CPU.ActiveCfg = Release|Any CPU
		{9DE05C74-33B3-40DD-B28B-81C242B4D9FC}.Release|Any CPU.Build.0 = Release|Any CPU
		{149BE934-50C8-46E7-A4B0-CF070EA11D4E}.Debug|Any CPU.ActiveCfg = Debug|Any CPU
		{149BE934-50C8-46E7-A4B0-CF070EA11D4E}.Debug|Any CPU.Build.0 = Debug|Any CPU
		{149BE934-50C8-46E7-A4B0-CF070EA11D4E}.Release|Any CPU.ActiveCfg = Release|Any CPU
		{149BE934-50C8-46E7-A4B0-CF070EA11D4E}.Release|Any CPU.Build.0 = Release|Any CPU
		{8E04B902-D890-445F-B9C2-10D262081248}.Debug|Any CPU.ActiveCfg = Debug|Any CPU
		{8E04B902-D890-445F-B9C2-10D262081248}.Debug|Any CPU.Build.0 = Debug|Any CPU
		{8E04B902-D890-445F-B9C2-10D262081248}.Release|Any CPU.ActiveCfg = Release|Any CPU
		{8E04B902-D890-445F-B9C2-10D262081248}.Release|Any CPU.Build.0 = Release|Any CPU
	EndGlobalSection
	GlobalSection(SolutionProperties) = preSolution
		HideSolutionNode = FALSE
	EndGlobalSection
	GlobalSection(NestedProjects) = preSolution
		{624E876C-9C72-4383-A0E8-EC2E8769A9F8} = {FE5BB056-CAEA-474E-A720-2C65A1DC5083}
		{FE4119DF-8373-43E5-B8D9-B6137E895592} = {FE5BB056-CAEA-474E-A720-2C65A1DC5083}
		{E35A548E-AA42-4957-9964-B6E36DE144EB} = {FE4119DF-8373-43E5-B8D9-B6137E895592}
		{6048BDDB-3F9A-4728-A6AB-E16EAE97199E} = {FE4119DF-8373-43E5-B8D9-B6137E895592}
		{0E830B6C-8724-4D4A-9EB2-6CBC5F44851C} = {FE4119DF-8373-43E5-B8D9-B6137E895592}
		{B4486002-7D55-4416-B0BD-EA9E5F18904C} = {FE4119DF-8373-43E5-B8D9-B6137E895592}
		{45B831A5-08B9-447D-89F0-4289D876E00B} = {FE4119DF-8373-43E5-B8D9-B6137E895592}
		{A5E96AEA-12C4-4DF0-AFDC-759BB1D86572} = {624E876C-9C72-4383-A0E8-EC2E8769A9F8}
		{42CCCD1B-6D1D-46A0-8F2C-4C3AC8BDE948} = {624E876C-9C72-4383-A0E8-EC2E8769A9F8}
		{36A6CEEB-0E3C-4222-B5ED-8C23B47DD57A} = {624E876C-9C72-4383-A0E8-EC2E8769A9F8}
		{9DE05C74-33B3-40DD-B28B-81C242B4D9FC} = {624E876C-9C72-4383-A0E8-EC2E8769A9F8}
		{149BE934-50C8-46E7-A4B0-CF070EA11D4E} = {624E876C-9C72-4383-A0E8-EC2E8769A9F8}
		{8E04B902-D890-445F-B9C2-10D262081248} = {624E876C-9C72-4383-A0E8-EC2E8769A9F8}
	EndGlobalSection
	GlobalSection(ExtensibilityGlobals) = postSolution
		SolutionGuid = {32F8A900-ADF7-48EB-893D-776339765FFC}
	EndGlobalSection
EndGlobal
